// !$*UTF8*$!
{
	archiveVersion = 1;
	classes = {
	};
	objectVersion = 45;
	objects = {

/* Begin PBXBuildFile section */
		0157CF7C12EF16B200DDC590 /* SearchManager.m in Sources */ = {isa = PBXBuildFile; fileRef = 0157CF7312EF16B200DDC590 /* SearchManager.m */; };
		0157CF7D12EF16B200DDC590 /* MiniSearchView.m in Sources */ = {isa = PBXBuildFile; fileRef = 0157CF7512EF16B200DDC590 /* MiniSearchView.m */; };
		0157CF7E12EF16B200DDC590 /* SearchView2_phone.xib in Resources */ = {isa = PBXBuildFile; fileRef = 0157CF7612EF16B200DDC590 /* SearchView2_phone.xib */; };
		0157CF7F12EF16B200DDC590 /* SearchView2_pad.xib in Resources */ = {isa = PBXBuildFile; fileRef = 0157CF7712EF16B200DDC590 /* SearchView2_pad.xib */; };
		0157CF8012EF16B200DDC590 /* SearchResultCellView.m in Sources */ = {isa = PBXBuildFile; fileRef = 0157CF7912EF16B200DDC590 /* SearchResultCellView.m */; };
		0157CF8112EF16B200DDC590 /* SearchResultView.m in Sources */ = {isa = PBXBuildFile; fileRef = 0157CF7B12EF16B200DDC590 /* SearchResultView.m */; };
		015EF60B12CA29EE0098E4B6 /* SearchView_pad.xib in Resources */ = {isa = PBXBuildFile; fileRef = 015EF60512CA29EE0098E4B6 /* SearchView_pad.xib */; };
		015EF60C12CA29EE0098E4B6 /* SearchView_phone.xib in Resources */ = {isa = PBXBuildFile; fileRef = 015EF60612CA29EE0098E4B6 /* SearchView_phone.xib */; };
		015EF60D12CA29EE0098E4B6 /* SearchViewController.m in Sources */ = {isa = PBXBuildFile; fileRef = 015EF60812CA29EE0098E4B6 /* SearchViewController.m */; };
		015EF60E12CA29EE0098E4B6 /* TextSearchOperation.m in Sources */ = {isa = PBXBuildFile; fileRef = 015EF60A12CA29EE0098E4B6 /* TextSearchOperation.m */; };
		015EF6C712CA474B0098E4B6 /* TextDisplayView.xib in Resources */ = {isa = PBXBuildFile; fileRef = 015EF6C412CA474B0098E4B6 /* TextDisplayView.xib */; };
		015EF6C812CA474B0098E4B6 /* TextDisplayViewController.m in Sources */ = {isa = PBXBuildFile; fileRef = 015EF6C612CA474B0098E4B6 /* TextDisplayViewController.m */; };
		0174E2B012EF24CA003699A8 /* CoreText.framework in Frameworks */ = {isa = PBXBuildFile; fileRef = 0174E2AF12EF24CA003699A8 /* CoreText.framework */; };
		01E56DF912FB26FC007D5018 /* libFastPDFKit.a in Frameworks */ = {isa = PBXBuildFile; fileRef = 01E56DF812FB26FC007D5018 /* libFastPDFKit.a */; };
		01F434C412ACD94D00D08021 /* DocumentViewController.m in Sources */ = {isa = PBXBuildFile; fileRef = 01F434C312ACD94D00D08021 /* DocumentViewController.m */; };
		01FB0F95125CB46A002D4337 /* MenuViewController.m in Sources */ = {isa = PBXBuildFile; fileRef = 01FB0F92125CB46A002D4337 /* MenuViewController.m */; };
		1D3623260D0F684500981E51 /* FastPDFKit_SampleAppDelegate.m in Sources */ = {isa = PBXBuildFile; fileRef = 1D3623250D0F684500981E51 /* FastPDFKit_SampleAppDelegate.m */; };
		1D60589B0D05DD56006BFB54 /* main.m in Sources */ = {isa = PBXBuildFile; fileRef = 29B97316FDCFA39411CA2CEA /* main.m */; };
		6F563BFD13044392005CF390 /* Kiosk_ipad.xib in Resources */ = {isa = PBXBuildFile; fileRef = 6F563BFB13044392005CF390 /* Kiosk_ipad.xib */; };
		6F563BFE13044392005CF390 /* Kiosk_phone.xib in Resources */ = {isa = PBXBuildFile; fileRef = 6F563BFC13044392005CF390 /* Kiosk_phone.xib */; };
		6F6D226B13059E0F0053696A /* CFNetwork.framework in Frameworks */ = {isa = PBXBuildFile; fileRef = 6F6D226A13059E0F0053696A /* CFNetwork.framework */; };
		6F6D226F13059E5B0053696A /* libz.1.2.3.dylib in Frameworks */ = {isa = PBXBuildFile; fileRef = 6F6D226E13059E5B0053696A /* libz.1.2.3.dylib */; };
		6F6D228513059EB80053696A /* ASIAuthenticationDialog.m in Sources */ = {isa = PBXBuildFile; fileRef = 6F6D227413059EB80053696A /* ASIAuthenticationDialog.m */; };
		6F6D228613059EB80053696A /* ASIDownloadCache.m in Sources */ = {isa = PBXBuildFile; fileRef = 6F6D227713059EB80053696A /* ASIDownloadCache.m */; };
		6F6D228713059EB80053696A /* ASIFormDataRequest.m in Sources */ = {isa = PBXBuildFile; fileRef = 6F6D227913059EB80053696A /* ASIFormDataRequest.m */; };
		6F6D228813059EB80053696A /* ASIHTTPRequest.m in Sources */ = {isa = PBXBuildFile; fileRef = 6F6D227B13059EB80053696A /* ASIHTTPRequest.m */; };
		6F6D228913059EB80053696A /* ASIInputStream.m in Sources */ = {isa = PBXBuildFile; fileRef = 6F6D227F13059EB80053696A /* ASIInputStream.m */; };
		6F6D228A13059EB80053696A /* ASINetworkQueue.m in Sources */ = {isa = PBXBuildFile; fileRef = 6F6D228113059EB80053696A /* ASINetworkQueue.m */; };
		6F6D228B13059EB80053696A /* ASINSStringAdditions.m in Sources */ = {isa = PBXBuildFile; fileRef = 6F6D228313059EB80053696A /* ASINSStringAdditions.m */; };
		6F6D229613059F150053696A /* Reachability.m in Sources */ = {isa = PBXBuildFile; fileRef = 6F6D229413059F150053696A /* Reachability.m */; };
		6F6D22B813059FBD0053696A /* SystemConfiguration.framework in Frameworks */ = {isa = PBXBuildFile; fileRef = 6F6D22B713059FBD0053696A /* SystemConfiguration.framework */; };
		6F6D22BC13059FCC0053696A /* MobileCoreServices.framework in Frameworks */ = {isa = PBXBuildFile; fileRef = 6F6D22BB13059FCC0053696A /* MobileCoreServices.framework */; };
		6F826A08130BEA05008176BF /* bookmark_add_phone.png in Resources */ = {isa = PBXBuildFile; fileRef = 6F8269FE130BEA05008176BF /* bookmark_add_phone.png */; };
		6F826A09130BEA05008176BF /* bookmark_add.png in Resources */ = {isa = PBXBuildFile; fileRef = 6F8269FF130BEA05008176BF /* bookmark_add.png */; };
		6F826A0A130BEA05008176BF /* changeModeDouble_phone.png in Resources */ = {isa = PBXBuildFile; fileRef = 6F826A00130BEA05008176BF /* changeModeDouble_phone.png */; };
		6F826A0B130BEA05008176BF /* changeModeDouble.png in Resources */ = {isa = PBXBuildFile; fileRef = 6F826A01130BEA05008176BF /* changeModeDouble.png */; };
		6F826A0C130BEA05008176BF /* changeModeSingle_phone.png in Resources */ = {isa = PBXBuildFile; fileRef = 6F826A02130BEA05008176BF /* changeModeSingle_phone.png */; };
		6F826A0D130BEA05008176BF /* changeModeSingle.png in Resources */ = {isa = PBXBuildFile; fileRef = 6F826A03130BEA05008176BF /* changeModeSingle.png */; };
		6F826A0E130BEA05008176BF /* indice_phone.png in Resources */ = {isa = PBXBuildFile; fileRef = 6F826A04130BEA05008176BF /* indice_phone.png */; };
		6F826A0F130BEA05008176BF /* indice.png in Resources */ = {isa = PBXBuildFile; fileRef = 6F826A05130BEA05008176BF /* indice.png */; };
		6F826A10130BEA05008176BF /* X_phone.png in Resources */ = {isa = PBXBuildFile; fileRef = 6F826A06130BEA05008176BF /* X_phone.png */; };
		6F826A11130BEA05008176BF /* X.png in Resources */ = {isa = PBXBuildFile; fileRef = 6F826A07130BEA05008176BF /* X.png */; };
		6F93FB701304002B001C333F /* MFHorizontalSlider.m in Sources */ = {isa = PBXBuildFile; fileRef = 6F93FB6D1304002B001C333F /* MFHorizontalSlider.m */; };
		6F93FB711304002B001C333F /* MFSliderDetail.m in Sources */ = {isa = PBXBuildFile; fileRef = 6F93FB6F1304002B001C333F /* MFSliderDetail.m */; };
		6FC43990130D630D00804B16 /* search.png in Resources */ = {isa = PBXBuildFile; fileRef = 6FC4398E130D630D00804B16 /* search.png */; };
		6FC43991130D630D00804B16 /* text.png in Resources */ = {isa = PBXBuildFile; fileRef = 6FC4398F130D630D00804B16 /* text.png */; };
		6FCADC7F130EC39E00F978A9 /* homePdf.xml in Resources */ = {isa = PBXBuildFile; fileRef = 6FCADC7E130EC39E00F978A9 /* homePdf.xml */; };
		6FCADD23130EC7C600F978A9 /* XMLParser.m in Sources */ = {isa = PBXBuildFile; fileRef = 6FCADD22130EC7C600F978A9 /* XMLParser.m */; };
		6FE91B92130C0C75000BB91B /* zoomLock.png in Resources */ = {isa = PBXBuildFile; fileRef = 6FE91B90130C0C75000BB91B /* zoomLock.png */; };
		6FE91B93130C0C75000BB91B /* zoomUnlock.png in Resources */ = {isa = PBXBuildFile; fileRef = 6FE91B91130C0C75000BB91B /* zoomUnlock.png */; };
		6FE91BB2130C1162000BB91B /* direction_l2r.png in Resources */ = {isa = PBXBuildFile; fileRef = 6FE91BB0130C1162000BB91B /* direction_l2r.png */; };
		6FE91BB3130C1162000BB91B /* direction_r2l.png in Resources */ = {isa = PBXBuildFile; fileRef = 6FE91BB1130C1162000BB91B /* direction_r2l.png */; };
		6FE91BD0130C14CF000BB91B /* pagelead_click.png in Resources */ = {isa = PBXBuildFile; fileRef = 6FE91BCE130C14CF000BB91B /* pagelead_click.png */; };
		6FE91BD1130C14CF000BB91B /* pagelead.png in Resources */ = {isa = PBXBuildFile; fileRef = 6FE91BCF130C14CF000BB91B /* pagelead.png */; };
		6FEE96391309917C00CCA999 /* pdf1.png in Resources */ = {isa = PBXBuildFile; fileRef = 6FEE96331309917C00CCA999 /* pdf1.png */; };
		6FEE963A1309917C00CCA999 /* pdf2.png in Resources */ = {isa = PBXBuildFile; fileRef = 6FEE96341309917C00CCA999 /* pdf2.png */; };
		6FEE963B1309917C00CCA999 /* pdf3.png in Resources */ = {isa = PBXBuildFile; fileRef = 6FEE96351309917C00CCA999 /* pdf3.png */; };
		6FEE963C1309917C00CCA999 /* pdf4.png in Resources */ = {isa = PBXBuildFile; fileRef = 6FEE96361309917C00CCA999 /* pdf4.png */; };
		6FEE963D1309917C00CCA999 /* pdf5.png in Resources */ = {isa = PBXBuildFile; fileRef = 6FEE96371309917C00CCA999 /* pdf5.png */; };
		6FEE963E1309917C00CCA999 /* pdf6.png in Resources */ = {isa = PBXBuildFile; fileRef = 6FEE96381309917C00CCA999 /* pdf6.png */; };
		6FEE9706130A9A0600CCA999 /* download.png in Resources */ = {isa = PBXBuildFile; fileRef = 6FEE9702130A9A0600CCA999 /* download.png */; };
		6FEE9707130A9A0600CCA999 /* header.png in Resources */ = {isa = PBXBuildFile; fileRef = 6FEE9703130A9A0600CCA999 /* header.png */; };
		6FEE9708130A9A0600CCA999 /* remove.png in Resources */ = {isa = PBXBuildFile; fileRef = 6FEE9704130A9A0600CCA999 /* remove.png */; };
		6FEE9709130A9A0600CCA999 /* view.png in Resources */ = {isa = PBXBuildFile; fileRef = 6FEE9705130A9A0600CCA999 /* view.png */; };
		6FF57BD31305763A0019F4A0 /* MFHomeListPdf.m in Sources */ = {isa = PBXBuildFile; fileRef = 6FF57BD21305763A0019F4A0 /* MFHomeListPdf.m */; };
		950B37C0125CBEA5007BDDA1 /* CoreGraphics.framework in Frameworks */ = {isa = PBXBuildFile; fileRef = 950B37BF125CBEA5007BDDA1 /* CoreGraphics.framework */; };
		950B37C2125CBEA5007BDDA1 /* Foundation.framework in Frameworks */ = {isa = PBXBuildFile; fileRef = 950B37C1125CBEA5007BDDA1 /* Foundation.framework */; };
		950B37C4125CBEA5007BDDA1 /* QuartzCore.framework in Frameworks */ = {isa = PBXBuildFile; fileRef = 950B37C3125CBEA5007BDDA1 /* QuartzCore.framework */; };
		950B37D0125CBEC4007BDDA1 /* UIKit.framework in Frameworks */ = {isa = PBXBuildFile; fileRef = 950B37CF125CBEC4007BDDA1 /* UIKit.framework */; settings = {ATTRIBUTES = (Weak, ); }; };
		9597F995125D17E400E17B47 /* iTunesArtwork in Resources */ = {isa = PBXBuildFile; fileRef = 9597F994125D17E400E17B47 /* iTunesArtwork */; };
		9598FDD212337F0F008D7198 /* Icon72.png in Resources */ = {isa = PBXBuildFile; fileRef = 9598FDD112337F0F008D7198 /* Icon72.png */; };
		9598FDD412337F24008D7198 /* Icon.png in Resources */ = {isa = PBXBuildFile; fileRef = 9598FDD312337F24008D7198 /* Icon.png */; };
		9598FDE612338042008D7198 /* Icon144.png in Resources */ = {isa = PBXBuildFile; fileRef = 9598FDE512338042008D7198 /* Icon144.png */; };
		95F5A1371270948600F65929 /* MainWindow.xib in Resources */ = {isa = PBXBuildFile; fileRef = 95F5A1321270948600F65929 /* MainWindow.xib */; };
		95F5A1381270948600F65929 /* MenuView_pad.xib in Resources */ = {isa = PBXBuildFile; fileRef = 95F5A1331270948600F65929 /* MenuView_pad.xib */; };
		95F5A1391270948600F65929 /* MenuView_phone.xib in Resources */ = {isa = PBXBuildFile; fileRef = 95F5A1341270948600F65929 /* MenuView_phone.xib */; };
		95F5A3681270A2A700F65929 /* BasicLauncherController.m in Sources */ = {isa = PBXBuildFile; fileRef = 95F5A3541270A2A700F65929 /* BasicLauncherController.m */; };
		95F5A3691270A2A700F65929 /* BookmarkView.xib in Resources */ = {isa = PBXBuildFile; fileRef = 95F5A3551270A2A700F65929 /* BookmarkView.xib */; };
		95F5A36A1270A2A700F65929 /* BookmarkViewController.m in Sources */ = {isa = PBXBuildFile; fileRef = 95F5A3571270A2A700F65929 /* BookmarkViewController.m */; };
		95F5A36C1270A2A700F65929 /* OutlineView.xib in Resources */ = {isa = PBXBuildFile; fileRef = 95F5A35A1270A2A700F65929 /* OutlineView.xib */; };
		95F5A36D1270A2A700F65929 /* OutlineViewController.m in Sources */ = {isa = PBXBuildFile; fileRef = 95F5A35C1270A2A700F65929 /* OutlineViewController.m */; };
		95F5A36F1270A2A700F65929 /* gitmanual.pdf in Resources */ = {isa = PBXBuildFile; fileRef = 95F5A3661270A2A700F65929 /* gitmanual.pdf */; };
		95F5A3701270A2A700F65929 /* gitmanualcrypt.pdf in Resources */ = {isa = PBXBuildFile; fileRef = 95F5A3671270A2A700F65929 /* gitmanualcrypt.pdf */; };
/* End PBXBuildFile section */

/* Begin PBXFileReference section */
		0157CF7212EF16B200DDC590 /* SearchManager.h */ = {isa = PBXFileReference; fileEncoding = 4; lastKnownFileType = sourcecode.c.h; path = SearchManager.h; sourceTree = "<group>"; };
		0157CF7312EF16B200DDC590 /* SearchManager.m */ = {isa = PBXFileReference; fileEncoding = 4; lastKnownFileType = sourcecode.c.objc; path = SearchManager.m; sourceTree = "<group>"; };
		0157CF7412EF16B200DDC590 /* MiniSearchView.h */ = {isa = PBXFileReference; fileEncoding = 4; lastKnownFileType = sourcecode.c.h; path = MiniSearchView.h; sourceTree = "<group>"; };
		0157CF7512EF16B200DDC590 /* MiniSearchView.m */ = {isa = PBXFileReference; fileEncoding = 4; lastKnownFileType = sourcecode.c.objc; path = MiniSearchView.m; sourceTree = "<group>"; };
		0157CF7612EF16B200DDC590 /* SearchView2_phone.xib */ = {isa = PBXFileReference; lastKnownFileType = file.xib; path = SearchView2_phone.xib; sourceTree = "<group>"; };
		0157CF7712EF16B200DDC590 /* SearchView2_pad.xib */ = {isa = PBXFileReference; lastKnownFileType = file.xib; path = SearchView2_pad.xib; sourceTree = "<group>"; };
		0157CF7812EF16B200DDC590 /* SearchResultCellView.h */ = {isa = PBXFileReference; fileEncoding = 4; lastKnownFileType = sourcecode.c.h; path = SearchResultCellView.h; sourceTree = "<group>"; };
		0157CF7912EF16B200DDC590 /* SearchResultCellView.m */ = {isa = PBXFileReference; fileEncoding = 4; lastKnownFileType = sourcecode.c.objc; path = SearchResultCellView.m; sourceTree = "<group>"; };
		0157CF7A12EF16B200DDC590 /* SearchResultView.h */ = {isa = PBXFileReference; fileEncoding = 4; lastKnownFileType = sourcecode.c.h; path = SearchResultView.h; sourceTree = "<group>"; };
		0157CF7B12EF16B200DDC590 /* SearchResultView.m */ = {isa = PBXFileReference; fileEncoding = 4; lastKnownFileType = sourcecode.c.objc; path = SearchResultView.m; sourceTree = "<group>"; };
		015EF60312CA29EE0098E4B6 /* SearchResultDataSource.h */ = {isa = PBXFileReference; fileEncoding = 4; lastKnownFileType = sourcecode.c.h; path = SearchResultDataSource.h; sourceTree = "<group>"; };
		015EF60412CA29EE0098E4B6 /* SearchResultDelegate.h */ = {isa = PBXFileReference; fileEncoding = 4; lastKnownFileType = sourcecode.c.h; path = SearchResultDelegate.h; sourceTree = "<group>"; };
		015EF60512CA29EE0098E4B6 /* SearchView_pad.xib */ = {isa = PBXFileReference; lastKnownFileType = file.xib; path = SearchView_pad.xib; sourceTree = "<group>"; };
		015EF60612CA29EE0098E4B6 /* SearchView_phone.xib */ = {isa = PBXFileReference; lastKnownFileType = file.xib; path = SearchView_phone.xib; sourceTree = "<group>"; };
		015EF60712CA29EE0098E4B6 /* SearchViewController.h */ = {isa = PBXFileReference; fileEncoding = 4; lastKnownFileType = sourcecode.c.h; path = SearchViewController.h; sourceTree = "<group>"; };
		015EF60812CA29EE0098E4B6 /* SearchViewController.m */ = {isa = PBXFileReference; fileEncoding = 4; lastKnownFileType = sourcecode.c.objc; path = SearchViewController.m; sourceTree = "<group>"; };
		015EF60912CA29EE0098E4B6 /* TextSearchOperation.h */ = {isa = PBXFileReference; fileEncoding = 4; lastKnownFileType = sourcecode.c.h; path = TextSearchOperation.h; sourceTree = "<group>"; };
		015EF60A12CA29EE0098E4B6 /* TextSearchOperation.m */ = {isa = PBXFileReference; fileEncoding = 4; lastKnownFileType = sourcecode.c.objc; path = TextSearchOperation.m; sourceTree = "<group>"; };
		015EF6C412CA474B0098E4B6 /* TextDisplayView.xib */ = {isa = PBXFileReference; lastKnownFileType = file.xib; path = TextDisplayView.xib; sourceTree = "<group>"; };
		015EF6C512CA474B0098E4B6 /* TextDisplayViewController.h */ = {isa = PBXFileReference; fileEncoding = 4; lastKnownFileType = sourcecode.c.h; path = TextDisplayViewController.h; sourceTree = "<group>"; };
		015EF6C612CA474B0098E4B6 /* TextDisplayViewController.m */ = {isa = PBXFileReference; fileEncoding = 4; lastKnownFileType = sourcecode.c.objc; path = TextDisplayViewController.m; sourceTree = "<group>"; };
		0174E2AF12EF24CA003699A8 /* CoreText.framework */ = {isa = PBXFileReference; lastKnownFileType = wrapper.framework; name = CoreText.framework; path = System/Library/Frameworks/CoreText.framework; sourceTree = SDKROOT; };
		01E56C6412FAC206007D5018 /* MFDocumentManager.h */ = {isa = PBXFileReference; fileEncoding = 4; lastKnownFileType = sourcecode.c.h; path = MFDocumentManager.h; sourceTree = "<group>"; };
		01E56C6512FAC206007D5018 /* MFDocumentOverlayDataSource.h */ = {isa = PBXFileReference; fileEncoding = 4; lastKnownFileType = sourcecode.c.h; path = MFDocumentOverlayDataSource.h; sourceTree = "<group>"; };
		01E56C6612FAC206007D5018 /* MFDocumentViewController.h */ = {isa = PBXFileReference; fileEncoding = 4; lastKnownFileType = sourcecode.c.h; path = MFDocumentViewController.h; sourceTree = "<group>"; };
		01E56C6712FAC206007D5018 /* MFDocumentViewControllerDelegate.h */ = {isa = PBXFileReference; fileEncoding = 4; lastKnownFileType = sourcecode.c.h; path = MFDocumentViewControllerDelegate.h; sourceTree = "<group>"; };
		01E56C6812FAC206007D5018 /* MFOverlayDrawable.h */ = {isa = PBXFileReference; fileEncoding = 4; lastKnownFileType = sourcecode.c.h; path = MFOverlayDrawable.h; sourceTree = "<group>"; };
		01E56C6912FAC206007D5018 /* MFOverlayTouchable.h */ = {isa = PBXFileReference; fileEncoding = 4; lastKnownFileType = sourcecode.c.h; path = MFOverlayTouchable.h; sourceTree = "<group>"; };
		01E56C6A12FAC206007D5018 /* MFPDFOutlineEntry.h */ = {isa = PBXFileReference; fileEncoding = 4; lastKnownFileType = sourcecode.c.h; path = MFPDFOutlineEntry.h; sourceTree = "<group>"; };
		01E56C6C12FAC206007D5018 /* MFTextItem.h */ = {isa = PBXFileReference; fileEncoding = 4; lastKnownFileType = sourcecode.c.h; path = MFTextItem.h; sourceTree = "<group>"; };
		01E56C6D12FAC206007D5018 /* Stuff.h */ = {isa = PBXFileReference; fileEncoding = 4; lastKnownFileType = sourcecode.c.h; path = Stuff.h; sourceTree = "<group>"; };
		01E56DF712FB26E7007D5018 /* mfprofile.h */ = {isa = PBXFileReference; fileEncoding = 4; lastKnownFileType = sourcecode.c.h; path = mfprofile.h; sourceTree = "<group>"; };
		01E56DF812FB26FC007D5018 /* libFastPDFKit.a */ = {isa = PBXFileReference; lastKnownFileType = archive.ar; path = libFastPDFKit.a; sourceTree = "<group>"; };
		01F434C212ACD94D00D08021 /* DocumentViewController.h */ = {isa = PBXFileReference; fileEncoding = 4; lastKnownFileType = sourcecode.c.h; name = DocumentViewController.h; path = ../FastPdfKit/Controllers/DocumentViewController.h; sourceTree = "<group>"; };
		01F434C312ACD94D00D08021 /* DocumentViewController.m */ = {isa = PBXFileReference; fileEncoding = 4; lastKnownFileType = sourcecode.c.objc; name = DocumentViewController.m; path = ../FastPdfKit/Controllers/DocumentViewController.m; sourceTree = "<group>"; };
		01FB0F91125CB46A002D4337 /* MenuViewController.h */ = {isa = PBXFileReference; fileEncoding = 4; lastKnownFileType = sourcecode.c.h; path = MenuViewController.h; sourceTree = "<group>"; };
		01FB0F92125CB46A002D4337 /* MenuViewController.m */ = {isa = PBXFileReference; fileEncoding = 4; lastKnownFileType = sourcecode.c.objc; path = MenuViewController.m; sourceTree = "<group>"; };
		1D3623240D0F684500981E51 /* FastPDFKit_SampleAppDelegate.h */ = {isa = PBXFileReference; fileEncoding = 4; lastKnownFileType = sourcecode.c.h; path = FastPDFKit_SampleAppDelegate.h; sourceTree = "<group>"; };
		1D3623250D0F684500981E51 /* FastPDFKit_SampleAppDelegate.m */ = {isa = PBXFileReference; fileEncoding = 4; lastKnownFileType = sourcecode.c.objc; path = FastPDFKit_SampleAppDelegate.m; sourceTree = "<group>"; };
		1D6058910D05DD3D006BFB54 /* FastPdfKit Sample.app */ = {isa = PBXFileReference; explicitFileType = wrapper.application; includeInIndex = 0; path = "FastPdfKit Sample.app"; sourceTree = BUILT_PRODUCTS_DIR; };
		29B97316FDCFA39411CA2CEA /* main.m */ = {isa = PBXFileReference; fileEncoding = 4; lastKnownFileType = sourcecode.c.objc; path = main.m; sourceTree = "<group>"; };
		32CA4F630368D1EE00C91783 /* FastPDFKit_Sample_Prefix.pch */ = {isa = PBXFileReference; fileEncoding = 4; lastKnownFileType = sourcecode.c.h; path = FastPDFKit_Sample_Prefix.pch; sourceTree = "<group>"; };
		6F563BFB13044392005CF390 /* Kiosk_ipad.xib */ = {isa = PBXFileReference; lastKnownFileType = file.xib; path = Kiosk_ipad.xib; sourceTree = "<group>"; };
		6F563BFC13044392005CF390 /* Kiosk_phone.xib */ = {isa = PBXFileReference; lastKnownFileType = file.xib; path = Kiosk_phone.xib; sourceTree = "<group>"; };
		6F6D226A13059E0F0053696A /* CFNetwork.framework */ = {isa = PBXFileReference; lastKnownFileType = wrapper.framework; name = CFNetwork.framework; path = System/Library/Frameworks/CFNetwork.framework; sourceTree = SDKROOT; };
		6F6D226E13059E5B0053696A /* libz.1.2.3.dylib */ = {isa = PBXFileReference; lastKnownFileType = "compiled.mach-o.dylib"; name = libz.1.2.3.dylib; path = usr/lib/libz.1.2.3.dylib; sourceTree = SDKROOT; };
		6F6D227313059EB80053696A /* ASIAuthenticationDialog.h */ = {isa = PBXFileReference; fileEncoding = 4; lastKnownFileType = sourcecode.c.h; name = ASIAuthenticationDialog.h; path = ASIHTTP/ASIAuthenticationDialog.h; sourceTree = "<group>"; };
		6F6D227413059EB80053696A /* ASIAuthenticationDialog.m */ = {isa = PBXFileReference; fileEncoding = 4; lastKnownFileType = sourcecode.c.objc; name = ASIAuthenticationDialog.m; path = ASIHTTP/ASIAuthenticationDialog.m; sourceTree = "<group>"; };
		6F6D227513059EB80053696A /* ASICacheDelegate.h */ = {isa = PBXFileReference; fileEncoding = 4; lastKnownFileType = sourcecode.c.h; name = ASICacheDelegate.h; path = ASIHTTP/ASICacheDelegate.h; sourceTree = "<group>"; };
		6F6D227613059EB80053696A /* ASIDownloadCache.h */ = {isa = PBXFileReference; fileEncoding = 4; lastKnownFileType = sourcecode.c.h; name = ASIDownloadCache.h; path = ASIHTTP/ASIDownloadCache.h; sourceTree = "<group>"; };
		6F6D227713059EB80053696A /* ASIDownloadCache.m */ = {isa = PBXFileReference; fileEncoding = 4; lastKnownFileType = sourcecode.c.objc; name = ASIDownloadCache.m; path = ASIHTTP/ASIDownloadCache.m; sourceTree = "<group>"; };
		6F6D227813059EB80053696A /* ASIFormDataRequest.h */ = {isa = PBXFileReference; fileEncoding = 4; lastKnownFileType = sourcecode.c.h; name = ASIFormDataRequest.h; path = ASIHTTP/ASIFormDataRequest.h; sourceTree = "<group>"; };
		6F6D227913059EB80053696A /* ASIFormDataRequest.m */ = {isa = PBXFileReference; fileEncoding = 4; lastKnownFileType = sourcecode.c.objc; name = ASIFormDataRequest.m; path = ASIHTTP/ASIFormDataRequest.m; sourceTree = "<group>"; };
		6F6D227A13059EB80053696A /* ASIHTTPRequest.h */ = {isa = PBXFileReference; fileEncoding = 4; lastKnownFileType = sourcecode.c.h; name = ASIHTTPRequest.h; path = ASIHTTP/ASIHTTPRequest.h; sourceTree = "<group>"; };
		6F6D227B13059EB80053696A /* ASIHTTPRequest.m */ = {isa = PBXFileReference; fileEncoding = 4; lastKnownFileType = sourcecode.c.objc; name = ASIHTTPRequest.m; path = ASIHTTP/ASIHTTPRequest.m; sourceTree = "<group>"; };
		6F6D227C13059EB80053696A /* ASIHTTPRequestConfig.h */ = {isa = PBXFileReference; fileEncoding = 4; lastKnownFileType = sourcecode.c.h; name = ASIHTTPRequestConfig.h; path = ASIHTTP/ASIHTTPRequestConfig.h; sourceTree = "<group>"; };
		6F6D227D13059EB80053696A /* ASIHTTPRequestDelegate.h */ = {isa = PBXFileReference; fileEncoding = 4; lastKnownFileType = sourcecode.c.h; name = ASIHTTPRequestDelegate.h; path = ASIHTTP/ASIHTTPRequestDelegate.h; sourceTree = "<group>"; };
		6F6D227E13059EB80053696A /* ASIInputStream.h */ = {isa = PBXFileReference; fileEncoding = 4; lastKnownFileType = sourcecode.c.h; name = ASIInputStream.h; path = ASIHTTP/ASIInputStream.h; sourceTree = "<group>"; };
		6F6D227F13059EB80053696A /* ASIInputStream.m */ = {isa = PBXFileReference; fileEncoding = 4; lastKnownFileType = sourcecode.c.objc; name = ASIInputStream.m; path = ASIHTTP/ASIInputStream.m; sourceTree = "<group>"; };
		6F6D228013059EB80053696A /* ASINetworkQueue.h */ = {isa = PBXFileReference; fileEncoding = 4; lastKnownFileType = sourcecode.c.h; name = ASINetworkQueue.h; path = ASIHTTP/ASINetworkQueue.h; sourceTree = "<group>"; };
		6F6D228113059EB80053696A /* ASINetworkQueue.m */ = {isa = PBXFileReference; fileEncoding = 4; lastKnownFileType = sourcecode.c.objc; name = ASINetworkQueue.m; path = ASIHTTP/ASINetworkQueue.m; sourceTree = "<group>"; };
		6F6D228213059EB80053696A /* ASINSStringAdditions.h */ = {isa = PBXFileReference; fileEncoding = 4; lastKnownFileType = sourcecode.c.h; name = ASINSStringAdditions.h; path = ASIHTTP/ASINSStringAdditions.h; sourceTree = "<group>"; };
		6F6D228313059EB80053696A /* ASINSStringAdditions.m */ = {isa = PBXFileReference; fileEncoding = 4; lastKnownFileType = sourcecode.c.objc; name = ASINSStringAdditions.m; path = ASIHTTP/ASINSStringAdditions.m; sourceTree = "<group>"; };
		6F6D228413059EB80053696A /* ASIProgressDelegate.h */ = {isa = PBXFileReference; fileEncoding = 4; lastKnownFileType = sourcecode.c.h; name = ASIProgressDelegate.h; path = ASIHTTP/ASIProgressDelegate.h; sourceTree = "<group>"; };
		6F6D229313059F150053696A /* Reachability.h */ = {isa = PBXFileReference; fileEncoding = 4; lastKnownFileType = sourcecode.c.h; path = Reachability.h; sourceTree = "<group>"; };
		6F6D229413059F150053696A /* Reachability.m */ = {isa = PBXFileReference; fileEncoding = 4; lastKnownFileType = sourcecode.c.objc; path = Reachability.m; sourceTree = "<group>"; };
		6F6D22B713059FBD0053696A /* SystemConfiguration.framework */ = {isa = PBXFileReference; lastKnownFileType = wrapper.framework; name = SystemConfiguration.framework; path = System/Library/Frameworks/SystemConfiguration.framework; sourceTree = SDKROOT; };
		6F6D22BB13059FCC0053696A /* MobileCoreServices.framework */ = {isa = PBXFileReference; lastKnownFileType = wrapper.framework; name = MobileCoreServices.framework; path = System/Library/Frameworks/MobileCoreServices.framework; sourceTree = SDKROOT; };
		6F8269FE130BEA05008176BF /* bookmark_add_phone.png */ = {isa = PBXFileReference; lastKnownFileType = image.png; name = bookmark_add_phone.png; path = img/bookmark_add_phone.png; sourceTree = "<group>"; };
		6F8269FF130BEA05008176BF /* bookmark_add.png */ = {isa = PBXFileReference; lastKnownFileType = image.png; name = bookmark_add.png; path = img/bookmark_add.png; sourceTree = "<group>"; };
		6F826A00130BEA05008176BF /* changeModeDouble_phone.png */ = {isa = PBXFileReference; lastKnownFileType = image.png; name = changeModeDouble_phone.png; path = img/changeModeDouble_phone.png; sourceTree = "<group>"; };
		6F826A01130BEA05008176BF /* changeModeDouble.png */ = {isa = PBXFileReference; lastKnownFileType = image.png; name = changeModeDouble.png; path = img/changeModeDouble.png; sourceTree = "<group>"; };
		6F826A02130BEA05008176BF /* changeModeSingle_phone.png */ = {isa = PBXFileReference; lastKnownFileType = image.png; name = changeModeSingle_phone.png; path = img/changeModeSingle_phone.png; sourceTree = "<group>"; };
		6F826A03130BEA05008176BF /* changeModeSingle.png */ = {isa = PBXFileReference; lastKnownFileType = image.png; name = changeModeSingle.png; path = img/changeModeSingle.png; sourceTree = "<group>"; };
		6F826A04130BEA05008176BF /* indice_phone.png */ = {isa = PBXFileReference; lastKnownFileType = image.png; name = indice_phone.png; path = img/indice_phone.png; sourceTree = "<group>"; };
		6F826A05130BEA05008176BF /* indice.png */ = {isa = PBXFileReference; lastKnownFileType = image.png; name = indice.png; path = img/indice.png; sourceTree = "<group>"; };
		6F826A06130BEA05008176BF /* X_phone.png */ = {isa = PBXFileReference; lastKnownFileType = image.png; name = X_phone.png; path = img/X_phone.png; sourceTree = "<group>"; };
		6F826A07130BEA05008176BF /* X.png */ = {isa = PBXFileReference; lastKnownFileType = image.png; name = X.png; path = img/X.png; sourceTree = "<group>"; };
		6F93FB6C1304002B001C333F /* MFHorizontalSlider.h */ = {isa = PBXFileReference; fileEncoding = 4; lastKnownFileType = sourcecode.c.h; path = MFHorizontalSlider.h; sourceTree = "<group>"; };
		6F93FB6D1304002B001C333F /* MFHorizontalSlider.m */ = {isa = PBXFileReference; fileEncoding = 4; lastKnownFileType = sourcecode.c.objc; path = MFHorizontalSlider.m; sourceTree = "<group>"; };
		6F93FB6E1304002B001C333F /* MFSliderDetail.h */ = {isa = PBXFileReference; fileEncoding = 4; lastKnownFileType = sourcecode.c.h; path = MFSliderDetail.h; sourceTree = "<group>"; };
		6F93FB6F1304002B001C333F /* MFSliderDetail.m */ = {isa = PBXFileReference; fileEncoding = 4; lastKnownFileType = sourcecode.c.objc; path = MFSliderDetail.m; sourceTree = "<group>"; };
		6FC4398E130D630D00804B16 /* search.png */ = {isa = PBXFileReference; lastKnownFileType = image.png; name = search.png; path = img/search.png; sourceTree = "<group>"; };
		6FC4398F130D630D00804B16 /* text.png */ = {isa = PBXFileReference; lastKnownFileType = image.png; name = text.png; path = img/text.png; sourceTree = "<group>"; };
		6FCADC7E130EC39E00F978A9 /* homePdf.xml */ = {isa = PBXFileReference; fileEncoding = 4; lastKnownFileType = text.xml; path = homePdf.xml; sourceTree = "<group>"; };
		6FCADD21130EC7C600F978A9 /* XMLParser.h */ = {isa = PBXFileReference; fileEncoding = 4; lastKnownFileType = sourcecode.c.h; path = XMLParser.h; sourceTree = "<group>"; };
		6FCADD22130EC7C600F978A9 /* XMLParser.m */ = {isa = PBXFileReference; fileEncoding = 4; lastKnownFileType = sourcecode.c.objc; path = XMLParser.m; sourceTree = "<group>"; };
		6FE91B90130C0C75000BB91B /* zoomLock.png */ = {isa = PBXFileReference; lastKnownFileType = image.png; name = zoomLock.png; path = img/zoomLock.png; sourceTree = "<group>"; };
		6FE91B91130C0C75000BB91B /* zoomUnlock.png */ = {isa = PBXFileReference; lastKnownFileType = image.png; name = zoomUnlock.png; path = img/zoomUnlock.png; sourceTree = "<group>"; };
		6FE91BB0130C1162000BB91B /* direction_l2r.png */ = {isa = PBXFileReference; lastKnownFileType = image.png; name = direction_l2r.png; path = img/direction_l2r.png; sourceTree = "<group>"; };
		6FE91BB1130C1162000BB91B /* direction_r2l.png */ = {isa = PBXFileReference; lastKnownFileType = image.png; name = direction_r2l.png; path = img/direction_r2l.png; sourceTree = "<group>"; };
		6FE91BCE130C14CF000BB91B /* pagelead_click.png */ = {isa = PBXFileReference; lastKnownFileType = image.png; name = pagelead_click.png; path = img/pagelead_click.png; sourceTree = "<group>"; };
		6FE91BCF130C14CF000BB91B /* pagelead.png */ = {isa = PBXFileReference; lastKnownFileType = image.png; name = pagelead.png; path = img/pagelead.png; sourceTree = "<group>"; };
		6FEE96331309917C00CCA999 /* pdf1.png */ = {isa = PBXFileReference; lastKnownFileType = image.png; name = pdf1.png; path = copertine/pdf1.png; sourceTree = "<group>"; };
		6FEE96341309917C00CCA999 /* pdf2.png */ = {isa = PBXFileReference; lastKnownFileType = image.png; name = pdf2.png; path = copertine/pdf2.png; sourceTree = "<group>"; };
		6FEE96351309917C00CCA999 /* pdf3.png */ = {isa = PBXFileReference; lastKnownFileType = image.png; name = pdf3.png; path = copertine/pdf3.png; sourceTree = "<group>"; };
		6FEE96361309917C00CCA999 /* pdf4.png */ = {isa = PBXFileReference; lastKnownFileType = image.png; name = pdf4.png; path = copertine/pdf4.png; sourceTree = "<group>"; };
		6FEE96371309917C00CCA999 /* pdf5.png */ = {isa = PBXFileReference; lastKnownFileType = image.png; name = pdf5.png; path = copertine/pdf5.png; sourceTree = "<group>"; };
		6FEE96381309917C00CCA999 /* pdf6.png */ = {isa = PBXFileReference; lastKnownFileType = image.png; name = pdf6.png; path = copertine/pdf6.png; sourceTree = "<group>"; };
		6FEE9702130A9A0600CCA999 /* download.png */ = {isa = PBXFileReference; lastKnownFileType = image.png; name = download.png; path = img/download.png; sourceTree = "<group>"; };
		6FEE9703130A9A0600CCA999 /* header.png */ = {isa = PBXFileReference; lastKnownFileType = image.png; name = header.png; path = img/header.png; sourceTree = "<group>"; };
		6FEE9704130A9A0600CCA999 /* remove.png */ = {isa = PBXFileReference; lastKnownFileType = image.png; name = remove.png; path = img/remove.png; sourceTree = "<group>"; };
		6FEE9705130A9A0600CCA999 /* view.png */ = {isa = PBXFileReference; lastKnownFileType = image.png; name = view.png; path = img/view.png; sourceTree = "<group>"; };
		6FF57BD1130576390019F4A0 /* MFHomeListPdf.h */ = {isa = PBXFileReference; fileEncoding = 4; lastKnownFileType = sourcecode.c.h; path = MFHomeListPdf.h; sourceTree = "<group>"; };
		6FF57BD21305763A0019F4A0 /* MFHomeListPdf.m */ = {isa = PBXFileReference; fileEncoding = 4; lastKnownFileType = sourcecode.c.objc; path = MFHomeListPdf.m; sourceTree = "<group>"; };
		8D1107310486CEB800E47090 /* FastPDFKit_Sample-Info.plist */ = {isa = PBXFileReference; fileEncoding = 4; lastKnownFileType = text.plist.xml; path = "FastPDFKit_Sample-Info.plist"; plistStructureDefinitionIdentifier = "com.apple.xcode.plist.structure-definition.iphone.info-plist"; sourceTree = "<group>"; };
		950B37BF125CBEA5007BDDA1 /* CoreGraphics.framework */ = {isa = PBXFileReference; lastKnownFileType = wrapper.framework; name = CoreGraphics.framework; path = System/Library/Frameworks/CoreGraphics.framework; sourceTree = SDKROOT; };
		950B37C1125CBEA5007BDDA1 /* Foundation.framework */ = {isa = PBXFileReference; lastKnownFileType = wrapper.framework; name = Foundation.framework; path = System/Library/Frameworks/Foundation.framework; sourceTree = SDKROOT; };
		950B37C3125CBEA5007BDDA1 /* QuartzCore.framework */ = {isa = PBXFileReference; lastKnownFileType = wrapper.framework; name = QuartzCore.framework; path = System/Library/Frameworks/QuartzCore.framework; sourceTree = SDKROOT; };
		950B37CF125CBEC4007BDDA1 /* UIKit.framework */ = {isa = PBXFileReference; lastKnownFileType = wrapper.framework; name = UIKit.framework; path = System/Library/Frameworks/UIKit.framework; sourceTree = SDKROOT; };
		9597F994125D17E400E17B47 /* iTunesArtwork */ = {isa = PBXFileReference; lastKnownFileType = file; path = iTunesArtwork; sourceTree = "<group>"; };
		9598FDD112337F0F008D7198 /* Icon72.png */ = {isa = PBXFileReference; lastKnownFileType = image.png; path = Icon72.png; sourceTree = "<group>"; };
		9598FDD312337F24008D7198 /* Icon.png */ = {isa = PBXFileReference; lastKnownFileType = image.png; path = Icon.png; sourceTree = "<group>"; };
		9598FDE512338042008D7198 /* Icon144.png */ = {isa = PBXFileReference; lastKnownFileType = image.png; path = Icon144.png; sourceTree = "<group>"; };
		95F5A1321270948600F65929 /* MainWindow.xib */ = {isa = PBXFileReference; lastKnownFileType = file.xib; path = MainWindow.xib; sourceTree = "<group>"; };
		95F5A1331270948600F65929 /* MenuView_pad.xib */ = {isa = PBXFileReference; lastKnownFileType = file.xib; path = MenuView_pad.xib; sourceTree = "<group>"; };
		95F5A1341270948600F65929 /* MenuView_phone.xib */ = {isa = PBXFileReference; lastKnownFileType = file.xib; path = MenuView_phone.xib; sourceTree = "<group>"; };
		95F5A3531270A2A700F65929 /* BasicLauncherController.h */ = {isa = PBXFileReference; fileEncoding = 4; lastKnownFileType = sourcecode.c.h; name = BasicLauncherController.h; path = ../FastPdfKit/Controllers/BasicLauncherController.h; sourceTree = "<group>"; };
		95F5A3541270A2A700F65929 /* BasicLauncherController.m */ = {isa = PBXFileReference; fileEncoding = 4; lastKnownFileType = sourcecode.c.objc; name = BasicLauncherController.m; path = ../FastPdfKit/Controllers/BasicLauncherController.m; sourceTree = "<group>"; };
		95F5A3551270A2A700F65929 /* BookmarkView.xib */ = {isa = PBXFileReference; lastKnownFileType = file.xib; name = BookmarkView.xib; path = ../FastPdfKit/Controllers/BookmarkView.xib; sourceTree = "<group>"; };
		95F5A3561270A2A700F65929 /* BookmarkViewController.h */ = {isa = PBXFileReference; fileEncoding = 4; lastKnownFileType = sourcecode.c.h; name = BookmarkViewController.h; path = ../FastPdfKit/Controllers/BookmarkViewController.h; sourceTree = "<group>"; };
		95F5A3571270A2A700F65929 /* BookmarkViewController.m */ = {isa = PBXFileReference; fileEncoding = 4; lastKnownFileType = sourcecode.c.objc; name = BookmarkViewController.m; path = ../FastPdfKit/Controllers/BookmarkViewController.m; sourceTree = "<group>"; };
		95F5A35A1270A2A700F65929 /* OutlineView.xib */ = {isa = PBXFileReference; lastKnownFileType = file.xib; name = OutlineView.xib; path = ../FastPdfKit/Controllers/OutlineView.xib; sourceTree = "<group>"; };
		95F5A35B1270A2A700F65929 /* OutlineViewController.h */ = {isa = PBXFileReference; fileEncoding = 4; lastKnownFileType = sourcecode.c.h; name = OutlineViewController.h; path = ../FastPdfKit/Controllers/OutlineViewController.h; sourceTree = "<group>"; };
		95F5A35C1270A2A700F65929 /* OutlineViewController.m */ = {isa = PBXFileReference; fileEncoding = 4; lastKnownFileType = sourcecode.c.objc; name = OutlineViewController.m; path = ../FastPdfKit/Controllers/OutlineViewController.m; sourceTree = "<group>"; };
		95F5A3661270A2A700F65929 /* gitmanual.pdf */ = {isa = PBXFileReference; lastKnownFileType = image.pdf; path = gitmanual.pdf; sourceTree = "<group>"; };
		95F5A3671270A2A700F65929 /* gitmanualcrypt.pdf */ = {isa = PBXFileReference; lastKnownFileType = image.pdf; path = gitmanualcrypt.pdf; sourceTree = "<group>"; };
/* End PBXFileReference section */

/* Begin PBXFrameworksBuildPhase section */
		1D60588F0D05DD3D006BFB54 /* Frameworks */ = {
			isa = PBXFrameworksBuildPhase;
			buildActionMask = 2147483647;
			files = (
				950B37C0125CBEA5007BDDA1 /* CoreGraphics.framework in Frameworks */,
				950B37C2125CBEA5007BDDA1 /* Foundation.framework in Frameworks */,
				950B37C4125CBEA5007BDDA1 /* QuartzCore.framework in Frameworks */,
				950B37D0125CBEC4007BDDA1 /* UIKit.framework in Frameworks */,
				0174E2B012EF24CA003699A8 /* CoreText.framework in Frameworks */,
				01E56DF912FB26FC007D5018 /* libFastPDFKit.a in Frameworks */,
				6F6D226B13059E0F0053696A /* CFNetwork.framework in Frameworks */,
				6F6D226F13059E5B0053696A /* libz.1.2.3.dylib in Frameworks */,
				6F6D22B813059FBD0053696A /* SystemConfiguration.framework in Frameworks */,
				6F6D22BC13059FCC0053696A /* MobileCoreServices.framework in Frameworks */,
			);
			runOnlyForDeploymentPostprocessing = 0;
		};
/* End PBXFrameworksBuildPhase section */

/* Begin PBXGroup section */
		015EF60212CA29EE0098E4B6 /* TextSearch */ = {
			isa = PBXGroup;
			children = (
				0157CF7212EF16B200DDC590 /* SearchManager.h */,
				0157CF7312EF16B200DDC590 /* SearchManager.m */,
				0157CF7412EF16B200DDC590 /* MiniSearchView.h */,
				0157CF7512EF16B200DDC590 /* MiniSearchView.m */,
				0157CF7612EF16B200DDC590 /* SearchView2_phone.xib */,
				0157CF7712EF16B200DDC590 /* SearchView2_pad.xib */,
				0157CF7812EF16B200DDC590 /* SearchResultCellView.h */,
				0157CF7912EF16B200DDC590 /* SearchResultCellView.m */,
				0157CF7A12EF16B200DDC590 /* SearchResultView.h */,
				0157CF7B12EF16B200DDC590 /* SearchResultView.m */,
				015EF6C412CA474B0098E4B6 /* TextDisplayView.xib */,
				015EF6C512CA474B0098E4B6 /* TextDisplayViewController.h */,
				015EF6C612CA474B0098E4B6 /* TextDisplayViewController.m */,
				015EF60312CA29EE0098E4B6 /* SearchResultDataSource.h */,
				015EF60412CA29EE0098E4B6 /* SearchResultDelegate.h */,
				015EF60512CA29EE0098E4B6 /* SearchView_pad.xib */,
				015EF60612CA29EE0098E4B6 /* SearchView_phone.xib */,
				015EF60712CA29EE0098E4B6 /* SearchViewController.h */,
				015EF60812CA29EE0098E4B6 /* SearchViewController.m */,
				015EF60912CA29EE0098E4B6 /* TextSearchOperation.h */,
				015EF60A12CA29EE0098E4B6 /* TextSearchOperation.m */,
			);
			name = TextSearch;
			sourceTree = "<group>";
		};
		01CC21CB12B907AF00E77E6E /* Library */ = {
			isa = PBXGroup;
			children = (
				01E56DF812FB26FC007D5018 /* libFastPDFKit.a */,
				01E56C6312FAC206007D5018 /* headers */,
			);
			name = Library;
			sourceTree = "<group>";
		};
		01E56C6312FAC206007D5018 /* headers */ = {
			isa = PBXGroup;
			children = (
				01E56DF712FB26E7007D5018 /* mfprofile.h */,
				01E56C6412FAC206007D5018 /* MFDocumentManager.h */,
				01E56C6512FAC206007D5018 /* MFDocumentOverlayDataSource.h */,
				01E56C6612FAC206007D5018 /* MFDocumentViewController.h */,
				01E56C6712FAC206007D5018 /* MFDocumentViewControllerDelegate.h */,
				01E56C6812FAC206007D5018 /* MFOverlayDrawable.h */,
				01E56C6912FAC206007D5018 /* MFOverlayTouchable.h */,
				01E56C6A12FAC206007D5018 /* MFPDFOutlineEntry.h */,
				01E56C6C12FAC206007D5018 /* MFTextItem.h */,
				01E56C6D12FAC206007D5018 /* Stuff.h */,
			);
			path = headers;
			sourceTree = "<group>";
		};
		080E96DDFE201D6D7F000001 /* Classes */ = {
			isa = PBXGroup;
			children = (
				6F6D229313059F150053696A /* Reachability.h */,
				6F6D229413059F150053696A /* Reachability.m */,
				6F6D227113059EA20053696A /* ASIHTTP */,
				015EF60212CA29EE0098E4B6 /* TextSearch */,
				01F434C212ACD94D00D08021 /* DocumentViewController.h */,
				01F434C312ACD94D00D08021 /* DocumentViewController.m */,
				95F5A3531270A2A700F65929 /* BasicLauncherController.h */,
				95F5A3541270A2A700F65929 /* BasicLauncherController.m */,
				95F5A3561270A2A700F65929 /* BookmarkViewController.h */,
				95F5A3571270A2A700F65929 /* BookmarkViewController.m */,
				95F5A35B1270A2A700F65929 /* OutlineViewController.h */,
				95F5A35C1270A2A700F65929 /* OutlineViewController.m */,
				01FB0F91125CB46A002D4337 /* MenuViewController.h */,
				01FB0F92125CB46A002D4337 /* MenuViewController.m */,
				1D3623240D0F684500981E51 /* FastPDFKit_SampleAppDelegate.h */,
				1D3623250D0F684500981E51 /* FastPDFKit_SampleAppDelegate.m */,
				6F93FB6C1304002B001C333F /* MFHorizontalSlider.h */,
				6F93FB6D1304002B001C333F /* MFHorizontalSlider.m */,
				6F93FB6E1304002B001C333F /* MFSliderDetail.h */,
				6F93FB6F1304002B001C333F /* MFSliderDetail.m */,
				6FF57BD1130576390019F4A0 /* MFHomeListPdf.h */,
				6FF57BD21305763A0019F4A0 /* MFHomeListPdf.m */,
				6FCADD21130EC7C600F978A9 /* XMLParser.h */,
				6FCADD22130EC7C600F978A9 /* XMLParser.m */,
			);
			path = Classes;
			sourceTree = "<group>";
		};
		19C28FACFE9D520D11CA2CBB /* Products */ = {
			isa = PBXGroup;
			children = (
				1D6058910D05DD3D006BFB54 /* FastPdfKit Sample.app */,
			);
			name = Products;
			sourceTree = "<group>";
		};
		29B97314FDCFA39411CA2CEA /* CustomTemplate */ = {
			isa = PBXGroup;
			children = (
				95F5A3511270A2A700F65929 /* FastPdfKit */,
				080E96DDFE201D6D7F000001 /* Classes */,
				29B97315FDCFA39411CA2CEA /* Other Sources */,
				29B97317FDCFA39411CA2CEA /* Resources */,
				29B97323FDCFA39411CA2CEA /* Frameworks */,
				19C28FACFE9D520D11CA2CBB /* Products */,
			);
			name = CustomTemplate;
			sourceTree = "<group>";
		};
		29B97315FDCFA39411CA2CEA /* Other Sources */ = {
			isa = PBXGroup;
			children = (
				32CA4F630368D1EE00C91783 /* FastPDFKit_Sample_Prefix.pch */,
				29B97316FDCFA39411CA2CEA /* main.m */,
			);
			name = "Other Sources";
			sourceTree = "<group>";
		};
		29B97317FDCFA39411CA2CEA /* Resources */ = {
			isa = PBXGroup;
			children = (
				6FEE9700130A99FB00CCA999 /* img */,
				6FEE96251309911B00CCA999 /* copertine */,
				95F5A11E1270939500F65929 /* XIBs */,
				9597F994125D17E400E17B47 /* iTunesArtwork */,
				9598FDD312337F24008D7198 /* Icon.png */,
				9598FDD112337F0F008D7198 /* Icon72.png */,
				9598FDE512338042008D7198 /* Icon144.png */,
				6FCADC7E130EC39E00F978A9 /* homePdf.xml */,
				8D1107310486CEB800E47090 /* FastPDFKit_Sample-Info.plist */,
			);
			name = Resources;
			sourceTree = "<group>";
		};
		29B97323FDCFA39411CA2CEA /* Frameworks */ = {
			isa = PBXGroup;
			children = (
				6F6D226E13059E5B0053696A /* libz.1.2.3.dylib */,
				0174E2AF12EF24CA003699A8 /* CoreText.framework */,
				950B37CF125CBEC4007BDDA1 /* UIKit.framework */,
				950B37BF125CBEA5007BDDA1 /* CoreGraphics.framework */,
				950B37C1125CBEA5007BDDA1 /* Foundation.framework */,
				950B37C3125CBEA5007BDDA1 /* QuartzCore.framework */,
				6F6D226A13059E0F0053696A /* CFNetwork.framework */,
				6F6D22B713059FBD0053696A /* SystemConfiguration.framework */,
				6F6D22BB13059FCC0053696A /* MobileCoreServices.framework */,
			);
			name = Frameworks;
			sourceTree = "<group>";
		};
		6F6D227113059EA20053696A /* ASIHTTP */ = {
			isa = PBXGroup;
			children = (
				6F6D227313059EB80053696A /* ASIAuthenticationDialog.h */,
				6F6D227413059EB80053696A /* ASIAuthenticationDialog.m */,
				6F6D227513059EB80053696A /* ASICacheDelegate.h */,
				6F6D227613059EB80053696A /* ASIDownloadCache.h */,
				6F6D227713059EB80053696A /* ASIDownloadCache.m */,
				6F6D227813059EB80053696A /* ASIFormDataRequest.h */,
				6F6D227913059EB80053696A /* ASIFormDataRequest.m */,
				6F6D227A13059EB80053696A /* ASIHTTPRequest.h */,
				6F6D227B13059EB80053696A /* ASIHTTPRequest.m */,
				6F6D227C13059EB80053696A /* ASIHTTPRequestConfig.h */,
				6F6D227D13059EB80053696A /* ASIHTTPRequestDelegate.h */,
				6F6D227E13059EB80053696A /* ASIInputStream.h */,
				6F6D227F13059EB80053696A /* ASIInputStream.m */,
				6F6D228013059EB80053696A /* ASINetworkQueue.h */,
				6F6D228113059EB80053696A /* ASINetworkQueue.m */,
				6F6D228213059EB80053696A /* ASINSStringAdditions.h */,
				6F6D228313059EB80053696A /* ASINSStringAdditions.m */,
				6F6D228413059EB80053696A /* ASIProgressDelegate.h */,
			);
			name = ASIHTTP;
			sourceTree = "<group>";
		};
		6FEE96251309911B00CCA999 /* copertine */ = {
			isa = PBXGroup;
			children = (
				6FEE96331309917C00CCA999 /* pdf1.png */,
				6FEE96341309917C00CCA999 /* pdf2.png */,
				6FEE96351309917C00CCA999 /* pdf3.png */,
				6FEE96361309917C00CCA999 /* pdf4.png */,
				6FEE96371309917C00CCA999 /* pdf5.png */,
				6FEE96381309917C00CCA999 /* pdf6.png */,
			);
			name = copertine;
			sourceTree = "<group>";
		};
		6FEE9700130A99FB00CCA999 /* img */ = {
			isa = PBXGroup;
			children = (
				6FC4398E130D630D00804B16 /* search.png */,
				6FC4398F130D630D00804B16 /* text.png */,
				6FE91BCE130C14CF000BB91B /* pagelead_click.png */,
				6FE91BCF130C14CF000BB91B /* pagelead.png */,
				6FE91BB0130C1162000BB91B /* direction_l2r.png */,
				6FE91BB1130C1162000BB91B /* direction_r2l.png */,
				6FE91B90130C0C75000BB91B /* zoomLock.png */,
				6FE91B91130C0C75000BB91B /* zoomUnlock.png */,
				6F8269FE130BEA05008176BF /* bookmark_add_phone.png */,
				6F8269FF130BEA05008176BF /* bookmark_add.png */,
				6F826A00130BEA05008176BF /* changeModeDouble_phone.png */,
				6F826A01130BEA05008176BF /* changeModeDouble.png */,
				6F826A02130BEA05008176BF /* changeModeSingle_phone.png */,
				6F826A03130BEA05008176BF /* changeModeSingle.png */,
				6F826A04130BEA05008176BF /* indice_phone.png */,
				6F826A05130BEA05008176BF /* indice.png */,
				6F826A06130BEA05008176BF /* X_phone.png */,
				6F826A07130BEA05008176BF /* X.png */,
				6FEE9702130A9A0600CCA999 /* download.png */,
				6FEE9703130A9A0600CCA999 /* header.png */,
				6FEE9704130A9A0600CCA999 /* remove.png */,
				6FEE9705130A9A0600CCA999 /* view.png */,
			);
			name = img;
			sourceTree = "<group>";
		};
		95F5A11E1270939500F65929 /* XIBs */ = {
			isa = PBXGroup;
			children = (
				6F563BFB13044392005CF390 /* Kiosk_ipad.xib */,
				6F563BFC13044392005CF390 /* Kiosk_phone.xib */,
				95F5A3551270A2A700F65929 /* BookmarkView.xib */,
				95F5A35A1270A2A700F65929 /* OutlineView.xib */,
				95F5A1321270948600F65929 /* MainWindow.xib */,
				95F5A1331270948600F65929 /* MenuView_pad.xib */,
				95F5A1341270948600F65929 /* MenuView_phone.xib */,
			);
			path = XIBs;
			sourceTree = "<group>";
		};
		95F5A3511270A2A700F65929 /* FastPdfKit */ = {
			isa = PBXGroup;
			children = (
				01CC21CB12B907AF00E77E6E /* Library */,
				95F5A3651270A2A700F65929 /* PDFs */,
			);
			path = FastPdfKit;
			sourceTree = "<group>";
		};
		95F5A3651270A2A700F65929 /* PDFs */ = {
			isa = PBXGroup;
			children = (
				95F5A3661270A2A700F65929 /* gitmanual.pdf */,
				95F5A3671270A2A700F65929 /* gitmanualcrypt.pdf */,
			);
			path = PDFs;
			sourceTree = "<group>";
		};
/* End PBXGroup section */

/* Begin PBXNativeTarget section */
		1D6058900D05DD3D006BFB54 /* FastPdfKit Sample */ = {
			isa = PBXNativeTarget;
			buildConfigurationList = 1D6058960D05DD3E006BFB54 /* Build configuration list for PBXNativeTarget "FastPdfKit Sample" */;
			buildPhases = (
				1D60588D0D05DD3D006BFB54 /* Resources */,
				1D60588E0D05DD3D006BFB54 /* Sources */,
				1D60588F0D05DD3D006BFB54 /* Frameworks */,
			);
			buildRules = (
			);
			dependencies = (
			);
			name = "FastPdfKit Sample";
			productName = "FastPDFKit Sample";
			productReference = 1D6058910D05DD3D006BFB54 /* FastPdfKit Sample.app */;
			productType = "com.apple.product-type.application";
		};
/* End PBXNativeTarget section */

/* Begin PBXProject section */
		29B97313FDCFA39411CA2CEA /* Project object */ = {
			isa = PBXProject;
			buildConfigurationList = C01FCF4E08A954540054247B /* Build configuration list for PBXProject "FastPdfKit Sample" */;
			compatibilityVersion = "Xcode 3.1";
			developmentRegion = English;
			hasScannedForEncodings = 1;
			knownRegions = (
				English,
				Japanese,
				French,
				German,
			);
			mainGroup = 29B97314FDCFA39411CA2CEA /* CustomTemplate */;
			projectDirPath = "";
			projectRoot = "";
			targets = (
				1D6058900D05DD3D006BFB54 /* FastPdfKit Sample */,
			);
		};
/* End PBXProject section */

/* Begin PBXResourcesBuildPhase section */
		1D60588D0D05DD3D006BFB54 /* Resources */ = {
			isa = PBXResourcesBuildPhase;
			buildActionMask = 2147483647;
			files = (
				9598FDD212337F0F008D7198 /* Icon72.png in Resources */,
				9598FDD412337F24008D7198 /* Icon.png in Resources */,
				9598FDE612338042008D7198 /* Icon144.png in Resources */,
				9597F995125D17E400E17B47 /* iTunesArtwork in Resources */,
				95F5A1371270948600F65929 /* MainWindow.xib in Resources */,
				95F5A1381270948600F65929 /* MenuView_pad.xib in Resources */,
				95F5A1391270948600F65929 /* MenuView_phone.xib in Resources */,
				95F5A3691270A2A700F65929 /* BookmarkView.xib in Resources */,
				95F5A36C1270A2A700F65929 /* OutlineView.xib in Resources */,
				95F5A36F1270A2A700F65929 /* gitmanual.pdf in Resources */,
				95F5A3701270A2A700F65929 /* gitmanualcrypt.pdf in Resources */,
				015EF60B12CA29EE0098E4B6 /* SearchView_pad.xib in Resources */,
				015EF60C12CA29EE0098E4B6 /* SearchView_phone.xib in Resources */,
				015EF6C712CA474B0098E4B6 /* TextDisplayView.xib in Resources */,
				0157CF7E12EF16B200DDC590 /* SearchView2_phone.xib in Resources */,
				0157CF7F12EF16B200DDC590 /* SearchView2_pad.xib in Resources */,
				6F563BFD13044392005CF390 /* Kiosk_ipad.xib in Resources */,
				6F563BFE13044392005CF390 /* Kiosk_phone.xib in Resources */,
				6FEE96391309917C00CCA999 /* pdf1.png in Resources */,
				6FEE963A1309917C00CCA999 /* pdf2.png in Resources */,
				6FEE963B1309917C00CCA999 /* pdf3.png in Resources */,
				6FEE963C1309917C00CCA999 /* pdf4.png in Resources */,
				6FEE963D1309917C00CCA999 /* pdf5.png in Resources */,
				6FEE963E1309917C00CCA999 /* pdf6.png in Resources */,
				6FEE9706130A9A0600CCA999 /* download.png in Resources */,
				6FEE9707130A9A0600CCA999 /* header.png in Resources */,
				6FEE9708130A9A0600CCA999 /* remove.png in Resources */,
				6FEE9709130A9A0600CCA999 /* view.png in Resources */,
				6F826A08130BEA05008176BF /* bookmark_add_phone.png in Resources */,
				6F826A09130BEA05008176BF /* bookmark_add.png in Resources */,
				6F826A0A130BEA05008176BF /* changeModeDouble_phone.png in Resources */,
				6F826A0B130BEA05008176BF /* changeModeDouble.png in Resources */,
				6F826A0C130BEA05008176BF /* changeModeSingle_phone.png in Resources */,
				6F826A0D130BEA05008176BF /* changeModeSingle.png in Resources */,
				6F826A0E130BEA05008176BF /* indice_phone.png in Resources */,
				6F826A0F130BEA05008176BF /* indice.png in Resources */,
				6F826A10130BEA05008176BF /* X_phone.png in Resources */,
				6F826A11130BEA05008176BF /* X.png in Resources */,
				6FE91B92130C0C75000BB91B /* zoomLock.png in Resources */,
				6FE91B93130C0C75000BB91B /* zoomUnlock.png in Resources */,
				6FE91BB2130C1162000BB91B /* direction_l2r.png in Resources */,
				6FE91BB3130C1162000BB91B /* direction_r2l.png in Resources */,
				6FE91BD0130C14CF000BB91B /* pagelead_click.png in Resources */,
				6FE91BD1130C14CF000BB91B /* pagelead.png in Resources */,
				6FC43990130D630D00804B16 /* search.png in Resources */,
				6FC43991130D630D00804B16 /* text.png in Resources */,
				6FCADC7F130EC39E00F978A9 /* homePdf.xml in Resources */,
			);
			runOnlyForDeploymentPostprocessing = 0;
		};
/* End PBXResourcesBuildPhase section */

/* Begin PBXSourcesBuildPhase section */
		1D60588E0D05DD3D006BFB54 /* Sources */ = {
			isa = PBXSourcesBuildPhase;
			buildActionMask = 2147483647;
			files = (
				1D60589B0D05DD56006BFB54 /* main.m in Sources */,
				1D3623260D0F684500981E51 /* FastPDFKit_SampleAppDelegate.m in Sources */,
				01FB0F95125CB46A002D4337 /* MenuViewController.m in Sources */,
				95F5A3681270A2A700F65929 /* BasicLauncherController.m in Sources */,
				95F5A36A1270A2A700F65929 /* BookmarkViewController.m in Sources */,
				95F5A36D1270A2A700F65929 /* OutlineViewController.m in Sources */,
				01F434C412ACD94D00D08021 /* DocumentViewController.m in Sources */,
				015EF60D12CA29EE0098E4B6 /* SearchViewController.m in Sources */,
				015EF60E12CA29EE0098E4B6 /* TextSearchOperation.m in Sources */,
				015EF6C812CA474B0098E4B6 /* TextDisplayViewController.m in Sources */,
				0157CF7C12EF16B200DDC590 /* SearchManager.m in Sources */,
				0157CF7D12EF16B200DDC590 /* MiniSearchView.m in Sources */,
				0157CF8012EF16B200DDC590 /* SearchResultCellView.m in Sources */,
				0157CF8112EF16B200DDC590 /* SearchResultView.m in Sources */,
				6F93FB701304002B001C333F /* MFHorizontalSlider.m in Sources */,
				6F93FB711304002B001C333F /* MFSliderDetail.m in Sources */,
				6FF57BD31305763A0019F4A0 /* MFHomeListPdf.m in Sources */,
				6F6D228513059EB80053696A /* ASIAuthenticationDialog.m in Sources */,
				6F6D228613059EB80053696A /* ASIDownloadCache.m in Sources */,
				6F6D228713059EB80053696A /* ASIFormDataRequest.m in Sources */,
				6F6D228813059EB80053696A /* ASIHTTPRequest.m in Sources */,
				6F6D228913059EB80053696A /* ASIInputStream.m in Sources */,
				6F6D228A13059EB80053696A /* ASINetworkQueue.m in Sources */,
				6F6D228B13059EB80053696A /* ASINSStringAdditions.m in Sources */,
				6F6D229613059F150053696A /* Reachability.m in Sources */,
				6FCADD23130EC7C600F978A9 /* XMLParser.m in Sources */,
			);
			runOnlyForDeploymentPostprocessing = 0;
		};
/* End PBXSourcesBuildPhase section */

/* Begin XCBuildConfiguration section */
		1D6058940D05DD3E006BFB54 /* Debug */ = {
			isa = XCBuildConfiguration;
			buildSettings = {
				ALWAYS_SEARCH_USER_PATHS = YES;
				CODE_SIGN_ENTITLEMENTS = "";
				"CODE_SIGN_IDENTITY[sdk=iphoneos*]" = "iPhone Developer";
				COPY_PHASE_STRIP = NO;
				GCC_DYNAMIC_NO_PIC = NO;
				GCC_OPTIMIZATION_LEVEL = 0;
				GCC_PRECOMPILE_PREFIX_HEADER = YES;
				GCC_PREFIX_HEADER = FastPDFKit_Sample_Prefix.pch;
				GCC_PREPROCESSOR_DEFINITIONS = "";
				INFOPLIST_FILE = "FastPDFKit_Sample-Info.plist";
				IPHONEOS_DEPLOYMENT_TARGET = 3.1;
				LIBRARY_SEARCH_PATHS = (
					"\"$(SRCROOT)/FastPdfKit/Library\"",
					"\"$(SRCROOT)/FastPdfKit\"",
				);
				PRODUCT_NAME = "FastPdfKit Sample";
				"PROVISIONING_PROFILE[sdk=iphoneos*]" = "";
				SDKROOT = iphoneos;
				TARGETED_DEVICE_FAMILY = "1,2";
				USER_HEADER_SEARCH_PATHS = "";
			};
			name = Debug;
		};
		1D6058950D05DD3E006BFB54 /* Release */ = {
			isa = XCBuildConfiguration;
			buildSettings = {
				ALWAYS_SEARCH_USER_PATHS = YES;
				CODE_SIGN_ENTITLEMENTS = "";
				"CODE_SIGN_IDENTITY[sdk=iphoneos*]" = "iPhone Developer";
				COPY_PHASE_STRIP = YES;
				GCC_PRECOMPILE_PREFIX_HEADER = YES;
				GCC_PREFIX_HEADER = FastPDFKit_Sample_Prefix.pch;
				GCC_PREPROCESSOR_DEFINITIONS = "";
				INFOPLIST_FILE = "FastPDFKit_Sample-Info.plist";
				IPHONEOS_DEPLOYMENT_TARGET = 3.1;
				LIBRARY_SEARCH_PATHS = (
					"\"$(SRCROOT)/FastPdfKit/Library\"",
					"\"$(SRCROOT)/../../../../Desktop\"",
					"\"$(SRCROOT)/FastPdfKit\"",
				);
				PRODUCT_NAME = "FastPdfKit Sample";
				"PROVISIONING_PROFILE[sdk=iphoneos*]" = "";
				SDKROOT = iphoneos;
				TARGETED_DEVICE_FAMILY = "1,2";
				USER_HEADER_SEARCH_PATHS = "";
				VALIDATE_PRODUCT = YES;
			};
			name = Release;
		};
		9597F95D125D129600E17B47 /* Ad Hoc */ = {
			isa = XCBuildConfiguration;
			buildSettings = {
				ARCHS = "$(ARCHS_STANDARD_32_BIT)";
				"CODE_SIGN_IDENTITY[sdk=iphoneos*]" = "iPhone Developer";
				GCC_C_LANGUAGE_STANDARD = c99;
				GCC_WARN_ABOUT_RETURN_TYPE = YES;
				GCC_WARN_UNUSED_VARIABLE = YES;
				IPHONEOS_DEPLOYMENT_TARGET = 3.2;
				OTHER_CFLAGS = "-DNS_BLOCK_ASSERTIONS=1";
				OTHER_LDFLAGS = "-ObjC";
				PREBINDING = NO;
				SDKROOT = iphoneos;
				TARGETED_DEVICE_FAMILY = "1,2";
			};
			name = "Ad Hoc";
		};
		9597F95E125D129600E17B47 /* Ad Hoc */ = {
			isa = XCBuildConfiguration;
			buildSettings = {
				ALWAYS_SEARCH_USER_PATHS = YES;
				CODE_SIGN_ENTITLEMENTS = "";
				"CODE_SIGN_IDENTITY[sdk=iphoneos*]" = "iPhone Distribution";
				COPY_PHASE_STRIP = YES;
				GCC_PRECOMPILE_PREFIX_HEADER = YES;
				GCC_PREFIX_HEADER = FastPDFKit_Sample_Prefix.pch;
				GCC_PREPROCESSOR_DEFINITIONS = "";
				INFOPLIST_FILE = "FastPDFKit_Sample-Info.plist";
				IPHONEOS_DEPLOYMENT_TARGET = 3.1;
				LIBRARY_SEARCH_PATHS = (
					"\"$(SRCROOT)/FastPdfKit/Library\"",
					"\"$(SRCROOT)/../../../../Desktop\"",
					"\"$(SRCROOT)/FastPdfKit\"",
				);
				PRODUCT_NAME = "FastPdfKit Sample";
				"PROVISIONING_PROFILE[sdk=iphoneos*]" = "";
				SDKROOT = iphoneos;
				TARGETED_DEVICE_FAMILY = "1,2";
				USER_HEADER_SEARCH_PATHS = "";
				VALIDATE_PRODUCT = YES;
			};
			name = "Ad Hoc";
		};
		C01FCF4F08A954540054247B /* Debug */ = {
			isa = XCBuildConfiguration;
			buildSettings = {
				ARCHS = "$(ARCHS_STANDARD_32_BIT)";
				"CODE_SIGN_IDENTITY[sdk=iphoneos*]" = "iPhone Developer";
				GCC_C_LANGUAGE_STANDARD = c99;
				GCC_WARN_ABOUT_RETURN_TYPE = YES;
				GCC_WARN_UNUSED_VARIABLE = YES;
				IPHONEOS_DEPLOYMENT_TARGET = 3.2;
				OTHER_LDFLAGS = "-ObjC";
				PREBINDING = NO;
				SDKROOT = iphoneos;
				TARGETED_DEVICE_FAMILY = "1,2";
			};
			name = Debug;
		};
		C01FCF5008A954540054247B /* Release */ = {
			isa = XCBuildConfiguration;
			buildSettings = {
				ARCHS = "$(ARCHS_STANDARD_32_BIT)";
				"CODE_SIGN_IDENTITY[sdk=iphoneos*]" = "iPhone Developer";
				GCC_C_LANGUAGE_STANDARD = c99;
				GCC_WARN_ABOUT_RETURN_TYPE = YES;
				GCC_WARN_UNUSED_VARIABLE = YES;
				IPHONEOS_DEPLOYMENT_TARGET = 3.2;
				OTHER_CFLAGS = "-DNS_BLOCK_ASSERTIONS=1";
				OTHER_LDFLAGS = "-ObjC";
				PREBINDING = NO;
				SDKROOT = iphoneos;
				TARGETED_DEVICE_FAMILY = "1,2";
			};
			name = Release;
		};
/* End XCBuildConfiguration section */

/* Begin XCConfigurationList section */
		1D6058960D05DD3E006BFB54 /* Build configuration list for PBXNativeTarget "FastPdfKit Sample" */ = {
			isa = XCConfigurationList;
			buildConfigurations = (
				1D6058940D05DD3E006BFB54 /* Debug */,
				1D6058950D05DD3E006BFB54 /* Release */,
				9597F95E125D129600E17B47 /* Ad Hoc */,
			);
			defaultConfigurationIsVisible = 0;
			defaultConfigurationName = Release;
		};
		C01FCF4E08A954540054247B /* Build configuration list for PBXProject "FastPdfKit Sample" */ = {
			isa = XCConfigurationList;
			buildConfigurations = (
				C01FCF4F08A954540054247B /* Debug */,
				C01FCF5008A954540054247B /* Release */,
				9597F95D125D129600E17B47 /* Ad Hoc */,
			);
			defaultConfigurationIsVisible = 0;
			defaultConfigurationName = Release;
		};
/* End XCConfigurationList section */
	};
	rootObject = 29B97313FDCFA39411CA2CEA /* Project object */;
}
